{
  "name": "servidor-ftp-node.js",
  "version": "1.0.0",
  "lockfileVersion": 1,
  "requires": true,
  "dependencies": {
    "ftpd.js": {
      "version": "0.6.1",
      "resolved": "https://registry.npmjs.org/ftpd.js/-/ftpd.js-0.6.1.tgz",
      "integrity": "sha1-sC4sOwuQ/hNBOvW8ITT2Q9eUak8="
    }
  }
}
